<?xml version="1.0" encoding="utf-8"?>
<Project ToolsVersion="4.0" xmlns="http://schemas.microsoft.com/developer/msbuild/2003">
  <ItemGroup>
    <Filter Include="Source Files">
      <UniqueIdentifier>{4FC737F1-C7A5-4376-A066-2A32D752A2FF}</UniqueIdentifier>
      <Extensions>cpp;c;cc;cxx;c++;cppm;ixx;def;odl;idl;hpj;bat;asm;asmx</Extensions>
    </Filter>
    <Filter Include="Header Files">
      <UniqueIdentifier>{93995380-89BD-4b04-88EB-625FBE52EBFB}</UniqueIdentifier>
      <Extensions>h;hh;hpp;hxx;h++;hm;inl;inc;ipp;xsd</Extensions>
    </Filter>
    <Filter Include="Resource Files">
      <UniqueIdentifier>{67DA6AB6-F800-4c08-8B7A-83BB121AAD01}</UniqueIdentifier>
      <Extensions>rc;ico;cur;bmp;dlg;rc2;rct;bin;rgs;gif;jpg;jpeg;jpe;resx;tiff;tif;png;wav;mfcribbon-ms</Extensions>
    </Filter>
  </ItemGroup>
  <ItemGroup>
    <ClCompile Include="src\main.cpp">
      <Filter>Source Files</Filter>
    </ClCompile>
    <ClCompile Include="src\MdxFileTranslator.cpp">
      <Filter>Source Files</Filter>
    </ClCompile>
    <ClCompile Include="src\MdxLayer.cpp">
      <Filter>Source Files</Filter>
    </ClCompile>
    <ClCompile Include="src\MdxStandardShader.cpp">
      <Filter>Source Files</Filter>
    </ClCompile>
    <ClCompile Include="src\MdxTexture.cpp">
      <Filter>Source Files</Filter>
    </ClCompile>
    <ClCompile Include="src\translators\BoneTranslator.cpp">
      <Filter>Source Files</Filter>
    </ClCompile>
    <ClCompile Include="src\translators\GeosetTranslator.cpp">
      <Filter>Source Files</Filter>
    </ClCompile>
    <ClCompile Include="src\translators\HelperTranslator.cpp">
      <Filter>Source Files</Filter>
    </ClCompile>
    <ClCompile Include="src\translators\NodeTranslator.cpp">
      <Filter>Source Files</Filter>
    </ClCompile>
    <ClCompile Include="src\translators\SequenceTranslator.cpp">
      <Filter>Source Files</Filter>
    </ClCompile>
    <ClCompile Include="src\translators\ModelObjectTranslator.cpp">
      <Filter>Source Files</Filter>
    </ClCompile>
    <ClCompile Include="src\translators\ModelTranslator.cpp">
      <Filter>Source Files</Filter>
    </ClCompile>
    <ClCompile Include="src\DagNodeComparator.cpp">
      <Filter>Source Files</Filter>
    </ClCompile>
    <ClCompile Include="src\translators\MaterialTranslator.cpp">
      <Filter>Source Files</Filter>
    </ClCompile>
    <ClCompile Include="src\translators\TextureTranslator.cpp">
      <Filter>Source Files</Filter>
    </ClCompile>
  </ItemGroup>
  <ItemGroup>
    <ClInclude Include="src\MdxFileTranslator.h">
      <Filter>Header Files</Filter>
    </ClInclude>
    <ClInclude Include="src\MdxLayer.h">
      <Filter>Header Files</Filter>
    </ClInclude>
    <ClInclude Include="src\MdxStandardShader.h">
      <Filter>Header Files</Filter>
    </ClInclude>
    <ClInclude Include="src\MdxTexture.h">
      <Filter>Header Files</Filter>
    </ClInclude>
    <ClInclude Include="src\translators\BoneTranslator.h">
      <Filter>Header Files</Filter>
    </ClInclude>
    <ClInclude Include="src\translators\GeosetTranslator.h">
      <Filter>Header Files</Filter>
    </ClInclude>
    <ClInclude Include="src\translators\HelperTranslator.h">
      <Filter>Header Files</Filter>
    </ClInclude>
    <ClInclude Include="src\translators\NodeTranslator.h">
      <Filter>Header Files</Filter>
    </ClInclude>
    <ClInclude Include="src\translators\SequenceTranslator.h">
      <Filter>Header Files</Filter>
    </ClInclude>
    <ClInclude Include="src\translators\ModelObjectTranslator.h">
      <Filter>Header Files</Filter>
    </ClInclude>
    <ClInclude Include="src\translators\ModelTranslator.h">
      <Filter>Header Files</Filter>
    </ClInclude>
    <ClInclude Include="src\DagNodeComparator.h">
      <Filter>Header Files</Filter>
    </ClInclude>
    <ClInclude Include="src\translators\MaterialTranslator.h">
      <Filter>Header Files</Filter>
    </ClInclude>
    <ClInclude Include="src\translators\TextureTranslator.h">
      <Filter>Header Files</Filter>
    </ClInclude>
  </ItemGroup>
</Project>